
Microsoft Visual Studio Solution File, Format Version 12.00
# Visual Studio 14
VisualStudioVersion = 14.0.25420.1
MinimumVisualStudioVersion = 10.0.40219.1
Project("{FAE04EC0-301F-11D3-BF4B-00C04F79EFBC}") = "RustFreeVM", "RustFreeVM\RustFreeVM.csproj", "{429354A6-1DA0-4D27-A4E4-48B08EB03A3D}"
EndProject
Project("{FAE04EC0-301F-11D3-BF4B-00C04F79EFBC}") = "Assembler", "Assembler\Assembler.csproj", "{E4C7F33F-273B-44F2-8DD1-53A9A5CEB2D9}"
EndProject
Global
	GlobalSection(SolutionConfigurationPlatforms) = preSolution
		Debug|Any CPU = Debug|Any CPU
		Release|Any CPU = Release|Any CPU
	EndGlobalSection
	GlobalSection(ProjectConfigurationPlatforms) = postSolution
		{429354A6-1DA0-4D27-A4E4-48B08EB03A3D}.Debug|Any CPU.ActiveCfg = Debug|Any CPU
		{429354A6-1DA0-4D27-A4E4-48B08EB03A3D}.Debug|Any CPU.Build.0 = Debug|Any CPU
		{429354A6-1DA0-4D27-A4E4-48B08EB03A3D}.Release|Any CPU.ActiveCfg = Release|Any CPU
		{429354A6-1DA0-4D27-A4E4-48B08EB03A3D}.Release|Any CPU.Build.0 = Release|Any CPU
		{E4C7F33F-273B-44F2-8DD1-53A9A5CEB2D9}.Debug|Any CPU.ActiveCfg = Debug|Any CPU
		{E4C7F33F-273B-44F2-8DD1-53A9A5CEB2D9}.Debug|Any CPU.Build.0 = Debug|Any CPU
		{E4C7F33F-273B-44F2-8DD1-53A9A5CEB2D9}.Release|Any CPU.ActiveCfg = Release|Any CPU
		{E4C7F33F-273B-44F2-8DD1-53A9A5CEB2D9}.Release|Any CPU.Build.0 = Release|Any CPU
	EndGlobalSection
	GlobalSection(SolutionProperties) = preSolution
		HideSolutionNode = FALSE
	EndGlobalSection
EndGlobal
